// !$*UTF8*$!
{
	archiveVersion = 1;
	classes = {
	};
	objectVersion = 50;
	objects = {

/* Begin PBXBuildFile section */
		2B00AD0F2567B7F500634818 /* Network.swift in Sources */ = {isa = PBXBuildFile; fileRef = 2B00AD012567B7F500634818 /* Network.swift */; };
		2B00AD112567B7F500634818 /* URLParameterEncoder.swift in Sources */ = {isa = PBXBuildFile; fileRef = 2B00AD042567B7F500634818 /* URLParameterEncoder.swift */; };
		2B00AD122567B7F500634818 /* JSONParameterEncoder.swift in Sources */ = {isa = PBXBuildFile; fileRef = 2B00AD052567B7F500634818 /* JSONParameterEncoder.swift */; };
		2B00AD132567B7F500634818 /* MultipartEncoder.swift in Sources */ = {isa = PBXBuildFile; fileRef = 2B00AD062567B7F500634818 /* MultipartEncoder.swift */; };
		2B00AD172567B7F500634818 /* HTTPMethod.swift in Sources */ = {isa = PBXBuildFile; fileRef = 2B00AD0C2567B7F500634818 /* HTTPMethod.swift */; };
		2B00AD1B25680A0500634818 /* Repo.swift in Sources */ = {isa = PBXBuildFile; fileRef = 2B00AD1A25680A0500634818 /* Repo.swift */; };
		2B00AD1D25680A4200634818 /* Api.swift in Sources */ = {isa = PBXBuildFile; fileRef = 2B00AD1C25680A4200634818 /* Api.swift */; };
		2B00AD1F2568225E00634818 /* Config.swift in Sources */ = {isa = PBXBuildFile; fileRef = 2B00AD1E2568225E00634818 /* Config.swift */; };
		2BE5CB742563E2E300520658 /* AppDelegate.swift in Sources */ = {isa = PBXBuildFile; fileRef = 2BE5CB732563E2E300520658 /* AppDelegate.swift */; };
		2BE5CB762563E2E300520658 /* SceneDelegate.swift in Sources */ = {isa = PBXBuildFile; fileRef = 2BE5CB752563E2E300520658 /* SceneDelegate.swift */; };
		2BE5CB782563E2E300520658 /* ViewController.swift in Sources */ = {isa = PBXBuildFile; fileRef = 2BE5CB772563E2E300520658 /* ViewController.swift */; };
		2BE5CB7B2563E2E300520658 /* Main.storyboard in Resources */ = {isa = PBXBuildFile; fileRef = 2BE5CB792563E2E300520658 /* Main.storyboard */; };
		2BE5CB7D2563E2E400520658 /* Assets.xcassets in Resources */ = {isa = PBXBuildFile; fileRef = 2BE5CB7C2563E2E400520658 /* Assets.xcassets */; };
		2BE5CB802563E2E400520658 /* LaunchScreen.storyboard in Resources */ = {isa = PBXBuildFile; fileRef = 2BE5CB7E2563E2E400520658 /* LaunchScreen.storyboard */; };
/* End PBXBuildFile section */

/* Begin PBXFileReference section */
		2B00AD012567B7F500634818 /* Network.swift */ = {isa = PBXFileReference; fileEncoding = 4; lastKnownFileType = sourcecode.swift; path = Network.swift; sourceTree = "<group>"; };
		2B00AD042567B7F500634818 /* URLParameterEncoder.swift */ = {isa = PBXFileReference; fileEncoding = 4; lastKnownFileType = sourcecode.swift; path = URLParameterEncoder.swift; sourceTree = "<group>"; };
		2B00AD052567B7F500634818 /* JSONParameterEncoder.swift */ = {isa = PBXFileReference; fileEncoding = 4; lastKnownFileType = sourcecode.swift; path = JSONParameterEncoder.swift; sourceTree = "<group>"; };
		2B00AD062567B7F500634818 /* MultipartEncoder.swift */ = {isa = PBXFileReference; fileEncoding = 4; lastKnownFileType = sourcecode.swift; path = MultipartEncoder.swift; sourceTree = "<group>"; };
		2B00AD0C2567B7F500634818 /* HTTPMethod.swift */ = {isa = PBXFileReference; fileEncoding = 4; lastKnownFileType = sourcecode.swift; path = HTTPMethod.swift; sourceTree = "<group>"; };
		2B00AD1A25680A0500634818 /* Repo.swift */ = {isa = PBXFileReference; lastKnownFileType = sourcecode.swift; path = Repo.swift; sourceTree = "<group>"; };
		2B00AD1C25680A4200634818 /* Api.swift */ = {isa = PBXFileReference; lastKnownFileType = sourcecode.swift; path = Api.swift; sourceTree = "<group>"; };
		2B00AD1E2568225E00634818 /* Config.swift */ = {isa = PBXFileReference; lastKnownFileType = sourcecode.swift; path = Config.swift; sourceTree = "<group>"; };
		2BE5CB702563E2E300520658 /* Networking.app */ = {isa = PBXFileReference; explicitFileType = wrapper.application; includeInIndex = 0; path = Networking.app; sourceTree = BUILT_PRODUCTS_DIR; };
		2BE5CB732563E2E300520658 /* AppDelegate.swift */ = {isa = PBXFileReference; lastKnownFileType = sourcecode.swift; path = AppDelegate.swift; sourceTree = "<group>"; };
		2BE5CB752563E2E300520658 /* SceneDelegate.swift */ = {isa = PBXFileReference; lastKnownFileType = sourcecode.swift; path = SceneDelegate.swift; sourceTree = "<group>"; };
		2BE5CB772563E2E300520658 /* ViewController.swift */ = {isa = PBXFileReference; lastKnownFileType = sourcecode.swift; path = ViewController.swift; sourceTree = "<group>"; };
		2BE5CB7A2563E2E300520658 /* Base */ = {isa = PBXFileReference; lastKnownFileType = file.storyboard; name = Base; path = Base.lproj/Main.storyboard; sourceTree = "<group>"; };
		2BE5CB7C2563E2E400520658 /* Assets.xcassets */ = {isa = PBXFileReference; lastKnownFileType = folder.assetcatalog; path = Assets.xcassets; sourceTree = "<group>"; };
		2BE5CB7F2563E2E400520658 /* Base */ = {isa = PBXFileReference; lastKnownFileType = file.storyboard; name = Base; path = Base.lproj/LaunchScreen.storyboard; sourceTree = "<group>"; };
		2BE5CB812563E2E400520658 /* Info.plist */ = {isa = PBXFileReference; lastKnownFileType = text.plist.xml; path = Info.plist; sourceTree = "<group>"; };
/* End PBXFileReference section */

/* Begin PBXFrameworksBuildPhase section */
		2BE5CB6D2563E2E300520658 /* Frameworks */ = {
			isa = PBXFrameworksBuildPhase;
			buildActionMask = 2147483647;
			files = (
			);
			runOnlyForDeploymentPostprocessing = 0;
		};
/* End PBXFrameworksBuildPhase section */

/* Begin PBXGroup section */
		2B00AD002567B7F500634818 /* networking */ = {
			isa = PBXGroup;
			children = (
				2B00AD012567B7F500634818 /* Network.swift */,
				2B00AD1A25680A0500634818 /* Repo.swift */,
				2B00AD0C2567B7F500634818 /* HTTPMethod.swift */,
				2B00AD1C25680A4200634818 /* Api.swift */,
				2B00AD1E2568225E00634818 /* Config.swift */,
				2B00AD022567B7F500634818 /* Encoding */,
			);
			path = networking;
			sourceTree = "<group>";
		};
		2B00AD022567B7F500634818 /* Encoding */ = {
			isa = PBXGroup;
			children = (
				2B00AD042567B7F500634818 /* URLParameterEncoder.swift */,
				2B00AD052567B7F500634818 /* JSONParameterEncoder.swift */,
				2B00AD062567B7F500634818 /* MultipartEncoder.swift */,
			);
			path = Encoding;
			sourceTree = "<group>";
		};
		2BE5CB672563E2E300520658 = {
			isa = PBXGroup;
			children = (
				2BE5CB722563E2E300520658 /* Networking */,
				2BE5CB712563E2E300520658 /* Products */,
			);
			sourceTree = "<group>";
		};
		2BE5CB712563E2E300520658 /* Products */ = {
			isa = PBXGroup;
			children = (
				2BE5CB702563E2E300520658 /* Networking.app */,
			);
			name = Products;
			sourceTree = "<group>";
		};
		2BE5CB722563E2E300520658 /* Networking */ = {
			isa = PBXGroup;
			children = (
				2B00AD002567B7F500634818 /* networking */,
				2BE5CB732563E2E300520658 /* AppDelegate.swift */,
				2BE5CB752563E2E300520658 /* SceneDelegate.swift */,
				2BE5CB772563E2E300520658 /* ViewController.swift */,
				2BE5CB792563E2E300520658 /* Main.storyboard */,
				2BE5CB7C2563E2E400520658 /* Assets.xcassets */,
				2BE5CB7E2563E2E400520658 /* LaunchScreen.storyboard */,
				2BE5CB812563E2E400520658 /* Info.plist */,
			);
			path = Networking;
			sourceTree = "<group>";
		};
/* End PBXGroup section */

/* Begin PBXNativeTarget section */
		2BE5CB6F2563E2E300520658 /* Networking */ = {
			isa = PBXNativeTarget;
			buildConfigurationList = 2BE5CB842563E2E400520658 /* Build configuration list for PBXNativeTarget "Networking" */;
			buildPhases = (
				2BE5CB6C2563E2E300520658 /* Sources */,
				2BE5CB6D2563E2E300520658 /* Frameworks */,
				2BE5CB6E2563E2E300520658 /* Resources */,
			);
			buildRules = (
			);
			dependencies = (
			);
			name = Networking;
			productName = Networking;
			productReference = 2BE5CB702563E2E300520658 /* Networking.app */;
			productType = "com.apple.product-type.application";
		};
/* End PBXNativeTarget section */

/* Begin PBXProject section */
		2BE5CB682563E2E300520658 /* Project object */ = {
			isa = PBXProject;
			attributes = {
				LastSwiftUpdateCheck = 1150;
				LastUpgradeCheck = 1150;
				ORGANIZATIONNAME = haten;
				TargetAttributes = {
					2BE5CB6F2563E2E300520658 = {
						CreatedOnToolsVersion = 11.5;
					};
				};
			};
			buildConfigurationList = 2BE5CB6B2563E2E300520658 /* Build configuration list for PBXProject "Networking" */;
			compatibilityVersion = "Xcode 9.3";
			developmentRegion = en;
			hasScannedForEncodings = 0;
			knownRegions = (
				en,
				Base,
			);
			mainGroup = 2BE5CB672563E2E300520658;
			productRefGroup = 2BE5CB712563E2E300520658 /* Products */;
			projectDirPath = "";
			projectRoot = "";
			targets = (
				2BE5CB6F2563E2E300520658 /* Networking */,
			);
		};
/* End PBXProject section */

/* Begin PBXResourcesBuildPhase section */
		2BE5CB6E2563E2E300520658 /* Resources */ = {
			isa = PBXResourcesBuildPhase;
			buildActionMask = 2147483647;
			files = (
				2BE5CB802563E2E400520658 /* LaunchScreen.storyboard in Resources */,
				2BE5CB7D2563E2E400520658 /* Assets.xcassets in Resources */,
				2BE5CB7B2563E2E300520658 /* Main.storyboard in Resources */,
			);
			runOnlyForDeploymentPostprocessing = 0;
		};
/* End PBXResourcesBuildPhase section */

/* Begin PBXSourcesBuildPhase section */
		2BE5CB6C2563E2E300520658 /* Sources */ = {
			isa = PBXSourcesBuildPhase;
			buildActionMask = 2147483647;
			files = (
				2B00AD1B25680A0500634818 /* Repo.swift in Sources */,
				2B00AD122567B7F500634818 /* JSONParameterEncoder.swift in Sources */,
				2B00AD1F2568225E00634818 /* Config.swift in Sources */,
				2B00AD0F2567B7F500634818 /* Network.swift in Sources */,
				2BE5CB782563E2E300520658 /* ViewController.swift in Sources */,
				2BE5CB742563E2E300520658 /* AppDelegate.swift in Sources */,
				2B00AD112567B7F500634818 /* URLParameterEncoder.swift in Sources */,
				2B00AD132567B7F500634818 /* MultipartEncoder.swift in Sources */,
				2B00AD172567B7F500634818 /* HTTPMethod.swift in Sources */,
				2B00AD1D25680A4200634818 /* Api.swift in Sources */,
				2BE5CB762563E2E300520658 /* SceneDelegate.swift in Sources */,
			);
			runOnlyForDeploymentPostprocessing = 0;
		};
/* End PBXSourcesBuildPhase section */

/* Begin PBXVariantGroup section */
		2BE5CB792563E2E300520658 /* Main.storyboard */ = {
			isa = PBXVariantGroup;
			children = (
				2BE5CB7A2563E2E300520658 /* Base */,
			);
			name = Main.storyboard;
			sourceTree = "<group>";
		};
		2BE5CB7E2563E2E400520658 /* LaunchScreen.storyboard */ = {
			isa = PBXVariantGroup;
			children = (
				2BE5CB7F2563E2E400520658 /* Base */,
			);
			name = LaunchScreen.storyboard;
			sourceTree = "<group>";
		};
/* End PBXVariantGroup section */

/* Begin XCBuildConfiguration section */
		2BE5CB822563E2E400520658 /* Debug */ = {
			isa = XCBuildConfiguration;
			buildSettings = {
				ALWAYS_SEARCH_USER_PATHS = NO;
				CLANG_ANALYZER_NONNULL = YES;
				CLANG_ANALYZER_NUMBER_OBJECT_CONVERSION = YES_AGGRESSIVE;
				CLANG_CXX_LANGUAGE_STANDARD = "gnu++14";
				CLANG_CXX_LIBRARY = "libc++";
				CLANG_ENABLE_MODULES = YES;
				CLANG_ENABLE_OBJC_ARC = YES;
				CLANG_ENABLE_OBJC_WEAK = YES;
				CLANG_WARN_BLOCK_CAPTURE_AUTORELEASING = YES;
				CLANG_WARN_BOOL_CONVERSION = YES;
				CLANG_WARN_COMMA = YES;
				CLANG_WARN_CONSTANT_CONVERSION = YES;
				CLANG_WARN_DEPRECATED_OBJC_IMPLEMENTATIONS = YES;
				CLANG_WARN_DIRECT_OBJC_ISA_USAGE = YES_ERROR;
				CLANG_WARN_DOCUMENTATION_COMMENTS = YES;
				CLANG_WARN_EMPTY_BODY = YES;
				CLANG_WARN_ENUM_CONVERSION = YES;
				CLANG_WARN_INFINITE_RECURSION = YES;
				CLANG_WARN_INT_CONVERSION = YES;
				CLANG_WARN_NON_LITERAL_NULL_CONVERSION = YES;
				CLANG_WARN_OBJC_IMPLICIT_RETAIN_SELF = YES;
				CLANG_WARN_OBJC_LITERAL_CONVERSION = YES;
				CLANG_WARN_OBJC_ROOT_CLASS = YES_ERROR;
				CLANG_WARN_RANGE_LOOP_ANALYSIS = YES;
				CLANG_WARN_STRICT_PROTOTYPES = YES;
				CLANG_WARN_SUSPICIOUS_MOVE = YES;
				CLANG_WARN_UNGUARDED_AVAILABILITY = YES_AGGRESSIVE;
				CLANG_WARN_UNREACHABLE_CODE = YES;
				CLANG_WARN__DUPLICATE_METHOD_MATCH = YES;
				COPY_PHASE_STRIP = NO;
				DEBUG_INFORMATION_FORMAT = dwarf;
				ENABLE_STRICT_OBJC_MSGSEND = YES;
				ENABLE_TESTABILITY = YES;
				GCC_C_LANGUAGE_STANDARD = gnu11;
				GCC_DYNAMIC_NO_PIC = NO;
				GCC_NO_COMMON_BLOCKS = YES;
				GCC_OPTIMIZATION_LEVEL = 0;
				GCC_PREPROCESSOR_DEFINITIONS = (
					"DEBUG=1",
					"$(inherited)",
				);
				GCC_WARN_64_TO_32_BIT_CONVERSION = YES;
				GCC_WARN_ABOUT_RETURN_TYPE = YES_ERROR;
				GCC_WARN_UNDECLARED_SELECTOR = YES;
				GCC_WARN_UNINITIALIZED_AUTOS = YES_AGGRESSIVE;
				GCC_WARN_UNUSED_FUNCTION = YES;
				GCC_WARN_UNUSED_VARIABLE = YES;
				IPHONEOS_DEPLOYMENT_TARGET = 13.5;
				MTL_ENABLE_DEBUG_INFO = INCLUDE_SOURCE;
				MTL_FAST_MATH = YES;
				ONLY_ACTIVE_ARCH = YES;
				SDKROOT = iphoneos;
				SWIFT_ACTIVE_COMPILATION_CONDITIONS = DEBUG;
				SWIFT_OPTIMIZATION_LEVEL = "-Onone";
			};
			name = Debug;
		};
		2BE5CB832563E2E400520658 /* Release */ = {
			isa = XCBuildConfiguration;
			buildSettings = {
				ALWAYS_SEARCH_USER_PATHS = NO;
				CLANG_ANALYZER_NONNULL = YES;
				CLANG_ANALYZER_NUMBER_OBJECT_CONVERSION = YES_AGGRESSIVE;
				CLANG_CXX_LANGUAGE_STANDARD = "gnu++14";
				CLANG_CXX_LIBRARY = "libc++";
				CLANG_ENABLE_MODULES = YES;
				CLANG_ENABLE_OBJC_ARC = YES;
				CLANG_ENABLE_OBJC_WEAK = YES;
				CLANG_WARN_BLOCK_CAPTURE_AUTORELEASING = YES;
				CLANG_WARN_BOOL_CONVERSION = YES;
				CLANG_WARN_COMMA = YES;
				CLANG_WARN_CONSTANT_CONVERSION = YES;
				CLANG_WARN_DEPRECATED_OBJC_IMPLEMENTATIONS = YES;
				CLANG_WARN_DIRECT_OBJC_ISA_USAGE = YES_ERROR;
				CLANG_WARN_DOCUMENTATION_COMMENTS = YES;
				CLANG_WARN_EMPTY_BODY = YES;
				CLANG_WARN_ENUM_CONVERSION = YES;
				CLANG_WARN_INFINITE_RECURSION = YES;
				CLANG_WARN_INT_CONVERSION = YES;
				CLANG_WARN_NON_LITERAL_NULL_CONVERSION = YES;
				CLANG_WARN_OBJC_IMPLICIT_RETAIN_SELF = YES;
				CLANG_WARN_OBJC_LITERAL_CONVERSION = YES;
				CLANG_WARN_OBJC_ROOT_CLASS = YES_ERROR;
				CLANG_WARN_RANGE_LOOP_ANALYSIS = YES;
				CLANG_WARN_STRICT_PROTOTYPES = YES;
				CLANG_WARN_SUSPICIOUS_MOVE = YES;
				CLANG_WARN_UNGUARDED_AVAILABILITY = YES_AGGRESSIVE;
				CLANG_WARN_UNREACHABLE_CODE = YES;
				CLANG_WARN__DUPLICATE_METHOD_MATCH = YES;
				COPY_PHASE_STRIP = NO;
				DEBUG_INFORMATION_FORMAT = "dwarf-with-dsym";
				ENABLE_NS_ASSERTIONS = NO;
				ENABLE_STRICT_OBJC_MSGSEND = YES;
				GCC_C_LANGUAGE_STANDARD = gnu11;
				GCC_NO_COMMON_BLOCKS = YES;
				GCC_WARN_64_TO_32_BIT_CONVERSION = YES;
				GCC_WARN_ABOUT_RETURN_TYPE = YES_ERROR;
				GCC_WARN_UNDECLARED_SELECTOR = YES;
				GCC_WARN_UNINITIALIZED_AUTOS = YES_AGGRESSIVE;
				GCC_WARN_UNUSED_FUNCTION = YES;
				GCC_WARN_UNUSED_VARIABLE = YES;
				IPHONEOS_DEPLOYMENT_TARGET = 13.5;
				MTL_ENABLE_DEBUG_INFO = NO;
				MTL_FAST_MATH = YES;
				SDKROOT = iphoneos;
				SWIFT_COMPILATION_MODE = wholemodule;
				SWIFT_OPTIMIZATION_LEVEL = "-O";
				VALIDATE_PRODUCT = YES;
			};
			name = Release;
		};
		2BE5CB852563E2E400520658 /* Debug */ = {
			isa = XCBuildConfiguration;
			buildSettings = {
				ASSETCATALOG_COMPILER_APPICON_NAME = AppIcon;
				CODE_SIGN_STYLE = Automatic;
				DEVELOPMENT_TEAM = K33Q7A5D7P;
				INFOPLIST_FILE = Networking/Info.plist;
				LD_RUNPATH_SEARCH_PATHS = (
					"$(inherited)",
					"@executable_path/Frameworks",
				);
				PRODUCT_BUNDLE_IDENTIFIER = com.hatem.Networking;
				PRODUCT_NAME = "$(TARGET_NAME)";
				SWIFT_VERSION = 5.0;
				TARGETED_DEVICE_FAMILY = "1,2";
			};
			name = Debug;
		};
		2BE5CB862563E2E400520658 /* Release */ = {
			isa = XCBuildConfiguration;
			buildSettings = {
				ASSETCATALOG_COMPILER_APPICON_NAME = AppIcon;
				CODE_SIGN_STYLE = Automatic;
				DEVELOPMENT_TEAM = K33Q7A5D7P;
				INFOPLIST_FILE = Networking/Info.plist;
				LD_RUNPATH_SEARCH_PATHS = (
					"$(inherited)",
					"@executable_path/Frameworks",
				);
				PRODUCT_BUNDLE_IDENTIFIER = com.hatem.Networking;
				PRODUCT_NAME = "$(TARGET_NAME)";
				SWIFT_VERSION = 5.0;
				TARGETED_DEVICE_FAMILY = "1,2";
			};
			name = Release;
		};
/* End XCBuildConfiguration section */

/* Begin XCConfigurationList section */
		2BE5CB6B2563E2E300520658 /* Build configuration list for PBXProject "Networking" */ = {
			isa = XCConfigurationList;
			buildConfigurations = (
				2BE5CB822563E2E400520658 /* Debug */,
				2BE5CB832563E2E400520658 /* Release */,
			);
			defaultConfigurationIsVisible = 0;
			defaultConfigurationName = Release;
		};
		2BE5CB842563E2E400520658 /* Build configuration list for PBXNativeTarget "Networking" */ = {
			isa = XCConfigurationList;
			buildConfigurations = (
				2BE5CB852563E2E400520658 /* Debug */,
				2BE5CB862563E2E400520658 /* Release */,
			);
			defaultConfigurationIsVisible = 0;
			defaultConfigurationName = Release;
		};
/* End XCConfigurationList section */
	};
	rootObject = 2BE5CB682563E2E300520658 /* Project object */;
}
